
Microsoft Visual Studio Solution File, Format Version 12.00
# Visual Studio 14
VisualStudioVersion = 14.0.25420.1
MinimumVisualStudioVersion = 10.0.40219.1
Project("{FAE04EC0-301F-11D3-BF4B-00C04F79EFBC}") = "设计模式之抽象工厂模式", "设计模式之抽象工厂模式\设计模式之抽象工厂模式\设计模式之抽象工厂模式.csproj", "{228F78B6-F652-4798-A571-B53DC13B3F17}"
EndProject
Project("{FAE04EC0-301F-11D3-BF4B-00C04F79EFBC}") = "设计模式之建造者模式", "设计模式之建造者模式\设计模式之建造者模式\设计模式之建造者模式.csproj", "{C01D135F-098E-4B64-8FE2-3FA5B175713F}"
EndProject
Project("{FAE04EC0-301F-11D3-BF4B-00C04F79EFBC}") = "建造者模式演变", "设计模式之建造者模式\建造者模式演变\建造者模式演变.csproj", "{346B40C9-DD16-45DE-9148-78325BAE479E}"
EndProject
Project("{FAE04EC0-301F-11D3-BF4B-00C04F79EFBC}") = "设计模式之单例模式", "设计模式之单例模式\设计模式之单例模式.csproj", "{99C40CEC-2BEC-4282-8039-3FBC9087124E}"
EndProject
Project("{2150E333-8FDC-42A3-9474-1A3956D46DE8}") = "创建型模式", "创建型模式", "{FB0E1EE3-CB96-489D-B2BF-0BB04D99AFA6}"
EndProject
Project("{FAE04EC0-301F-11D3-BF4B-00C04F79EFBC}") = "设计模式之工厂模式", "设计模式之工厂模式\设计模式之工厂模式.csproj", "{18D2527C-152C-4A28-9B54-40CAFF2FBCBC}"
EndProject
Project("{2150E333-8FDC-42A3-9474-1A3956D46DE8}") = "结构型模式", "结构型模式", "{E590E990-60F7-4BBD-9C24-D2D6DA406278}"
EndProject
Project("{FAE04EC0-301F-11D3-BF4B-00C04F79EFBC}") = "设计模式之适配器模式", "设计模式之适配器模式\设计模式之适配器模式\设计模式之适配器模式.csproj", "{1BF23465-6D04-4F3F-8FDE-F03295EB0DE7}"
EndProject
Project("{FAE04EC0-301F-11D3-BF4B-00C04F79EFBC}") = "对象的适配器模式", "设计模式之适配器模式\对象的适配器模式\对象的适配器模式.csproj", "{6714D718-F95A-48C4-832D-840A0F4FF8A3}"
EndProject
Project("{FAE04EC0-301F-11D3-BF4B-00C04F79EFBC}") = "设计模式之原型模式", "设计模式之原型模式\设计模式之原型模式\设计模式之原型模式.csproj", "{89335AA9-EC6C-4880-9FAE-48C8AE2293A3}"
EndProject
Project("{FAE04EC0-301F-11D3-BF4B-00C04F79EFBC}") = "设计模式之桥接模式", "设计模式之桥接模式\设计模式之桥接模式.csproj", "{2BFC4EAC-9185-41A9-8EBB-775968206381}"
EndProject
Project("{FAE04EC0-301F-11D3-BF4B-00C04F79EFBC}") = "设计模式之装饰者模式", "设计模式之装饰者模式\设计模式之装饰者模式\设计模式之装饰者模式.csproj", "{4902FFEF-4CFD-4355-A8E9-06E6D82BCEB7}"
EndProject
Project("{FAE04EC0-301F-11D3-BF4B-00C04F79EFBC}") = ".NET中装饰者模式实现", "设计模式之装饰者模式\.NET中装饰者模式实现\.NET中装饰者模式实现.csproj", "{2737DF15-DF05-4967-8B60-E4225FEE7E41}"
EndProject
Project("{FAE04EC0-301F-11D3-BF4B-00C04F79EFBC}") = "设计模式之组合模式", "设计模式之组合模式\设计模式之组合模式\设计模式之组合模式.csproj", "{D846720A-AE92-45C2-AF8E-4F8688AC8B2F}"
EndProject
Project("{FAE04EC0-301F-11D3-BF4B-00C04F79EFBC}") = "安全式的组合模式", "设计模式之组合模式\安全式的组合模式\安全式的组合模式.csproj", "{ACDD09FD-9AE2-415E-B03B-17B4027944E3}"
EndProject
Project("{FAE04EC0-301F-11D3-BF4B-00C04F79EFBC}") = "设计模式之外观模式", "设计模式之外观模式\设计模式之外观模式\设计模式之外观模式.csproj", "{D6DB028D-25E3-4665-95FE-03EC88A6794B}"
EndProject
Project("{FAE04EC0-301F-11D3-BF4B-00C04F79EFBC}") = "外观模式的由来", "设计模式之外观模式\外观模式的由来\外观模式的由来.csproj", "{5DCBCF8D-32EC-4D49-A51B-6DEF8DA19EF9}"
EndProject
Project("{FAE04EC0-301F-11D3-BF4B-00C04F79EFBC}") = "设计模式之享元模式", "设计模式之享元模式\设计模式之享元模式.csproj", "{0ECBB9A0-4DE2-48AB-A9AC-590B2EF9B0A3}"
EndProject
Project("{FAE04EC0-301F-11D3-BF4B-00C04F79EFBC}") = "设计模式之代理模式", "设计模式之代理模式\设计模式之代理模式\设计模式之代理模式.csproj", "{8D8A0B41-26A7-44D9-B15A-DB30F77309DB}"
EndProject
Project("{FAE04EC0-301F-11D3-BF4B-00C04F79EFBC}") = "设计模式之过滤器模式", "设计模式之过滤器模式\设计模式之过滤器模式.csproj", "{7AEFFD5B-A9F1-4B8E-B6EC-1090BAAED632}"
EndProject
Project("{2150E333-8FDC-42A3-9474-1A3956D46DE8}") = "行为型模式", "行为型模式", "{36427D67-D286-4ADC-8C0E-BAE1E2BC923D}"
EndProject
Project("{FAE04EC0-301F-11D3-BF4B-00C04F79EFBC}") = "设计模式之责任链模式", "ChainofResponsibility_Pattern\设计模式之责任链模式.csproj", "{503A9E53-6149-4A31-80A7-8D9DB387EB93}"
EndProject
Project("{FAE04EC0-301F-11D3-BF4B-00C04F79EFBC}") = "设计模式之命令模式", "设计模式之命令模式\设计模式之命令模式.csproj", "{DC17D0CB-11C6-4188-BDD2-FCCB69472EE2}"
EndProject
Global
	GlobalSection(SolutionConfigurationPlatforms) = preSolution
		Debug|Any CPU = Debug|Any CPU
		Debug|x86 = Debug|x86
		Release|Any CPU = Release|Any CPU
		Release|x86 = Release|x86
	EndGlobalSection
	GlobalSection(ProjectConfigurationPlatforms) = postSolution
		{228F78B6-F652-4798-A571-B53DC13B3F17}.Debug|Any CPU.ActiveCfg = Debug|x86
		{228F78B6-F652-4798-A571-B53DC13B3F17}.Debug|x86.ActiveCfg = Debug|x86
		{228F78B6-F652-4798-A571-B53DC13B3F17}.Debug|x86.Build.0 = Debug|x86
		{228F78B6-F652-4798-A571-B53DC13B3F17}.Release|Any CPU.ActiveCfg = Release|x86
		{228F78B6-F652-4798-A571-B53DC13B3F17}.Release|x86.ActiveCfg = Release|x86
		{228F78B6-F652-4798-A571-B53DC13B3F17}.Release|x86.Build.0 = Release|x86
		{C01D135F-098E-4B64-8FE2-3FA5B175713F}.Debug|Any CPU.ActiveCfg = Debug|x86
		{C01D135F-098E-4B64-8FE2-3FA5B175713F}.Debug|x86.ActiveCfg = Debug|x86
		{C01D135F-098E-4B64-8FE2-3FA5B175713F}.Debug|x86.Build.0 = Debug|x86
		{C01D135F-098E-4B64-8FE2-3FA5B175713F}.Release|Any CPU.ActiveCfg = Release|x86
		{C01D135F-098E-4B64-8FE2-3FA5B175713F}.Release|x86.ActiveCfg = Release|x86
		{C01D135F-098E-4B64-8FE2-3FA5B175713F}.Release|x86.Build.0 = Release|x86
		{346B40C9-DD16-45DE-9148-78325BAE479E}.Debug|Any CPU.ActiveCfg = Debug|x86
		{346B40C9-DD16-45DE-9148-78325BAE479E}.Debug|x86.ActiveCfg = Debug|x86
		{346B40C9-DD16-45DE-9148-78325BAE479E}.Debug|x86.Build.0 = Debug|x86
		{346B40C9-DD16-45DE-9148-78325BAE479E}.Release|Any CPU.ActiveCfg = Release|x86
		{346B40C9-DD16-45DE-9148-78325BAE479E}.Release|x86.ActiveCfg = Release|x86
		{346B40C9-DD16-45DE-9148-78325BAE479E}.Release|x86.Build.0 = Release|x86
		{99C40CEC-2BEC-4282-8039-3FBC9087124E}.Debug|Any CPU.ActiveCfg = Debug|Any CPU
		{99C40CEC-2BEC-4282-8039-3FBC9087124E}.Debug|Any CPU.Build.0 = Debug|Any CPU
		{99C40CEC-2BEC-4282-8039-3FBC9087124E}.Debug|x86.ActiveCfg = Debug|Any CPU
		{99C40CEC-2BEC-4282-8039-3FBC9087124E}.Debug|x86.Build.0 = Debug|Any CPU
		{99C40CEC-2BEC-4282-8039-3FBC9087124E}.Release|Any CPU.ActiveCfg = Release|Any CPU
		{99C40CEC-2BEC-4282-8039-3FBC9087124E}.Release|Any CPU.Build.0 = Release|Any CPU
		{99C40CEC-2BEC-4282-8039-3FBC9087124E}.Release|x86.ActiveCfg = Release|Any CPU
		{99C40CEC-2BEC-4282-8039-3FBC9087124E}.Release|x86.Build.0 = Release|Any CPU
		{18D2527C-152C-4A28-9B54-40CAFF2FBCBC}.Debug|Any CPU.ActiveCfg = Debug|Any CPU
		{18D2527C-152C-4A28-9B54-40CAFF2FBCBC}.Debug|Any CPU.Build.0 = Debug|Any CPU
		{18D2527C-152C-4A28-9B54-40CAFF2FBCBC}.Debug|x86.ActiveCfg = Debug|Any CPU
		{18D2527C-152C-4A28-9B54-40CAFF2FBCBC}.Debug|x86.Build.0 = Debug|Any CPU
		{18D2527C-152C-4A28-9B54-40CAFF2FBCBC}.Release|Any CPU.ActiveCfg = Release|Any CPU
		{18D2527C-152C-4A28-9B54-40CAFF2FBCBC}.Release|Any CPU.Build.0 = Release|Any CPU
		{18D2527C-152C-4A28-9B54-40CAFF2FBCBC}.Release|x86.ActiveCfg = Release|Any CPU
		{18D2527C-152C-4A28-9B54-40CAFF2FBCBC}.Release|x86.Build.0 = Release|Any CPU
		{1BF23465-6D04-4F3F-8FDE-F03295EB0DE7}.Debug|Any CPU.ActiveCfg = Debug|x86
		{1BF23465-6D04-4F3F-8FDE-F03295EB0DE7}.Debug|x86.ActiveCfg = Debug|x86
		{1BF23465-6D04-4F3F-8FDE-F03295EB0DE7}.Debug|x86.Build.0 = Debug|x86
		{1BF23465-6D04-4F3F-8FDE-F03295EB0DE7}.Release|Any CPU.ActiveCfg = Release|x86
		{1BF23465-6D04-4F3F-8FDE-F03295EB0DE7}.Release|x86.ActiveCfg = Release|x86
		{1BF23465-6D04-4F3F-8FDE-F03295EB0DE7}.Release|x86.Build.0 = Release|x86
		{6714D718-F95A-48C4-832D-840A0F4FF8A3}.Debug|Any CPU.ActiveCfg = Debug|x86
		{6714D718-F95A-48C4-832D-840A0F4FF8A3}.Debug|x86.ActiveCfg = Debug|x86
		{6714D718-F95A-48C4-832D-840A0F4FF8A3}.Debug|x86.Build.0 = Debug|x86
		{6714D718-F95A-48C4-832D-840A0F4FF8A3}.Release|Any CPU.ActiveCfg = Release|x86
		{6714D718-F95A-48C4-832D-840A0F4FF8A3}.Release|x86.ActiveCfg = Release|x86
		{6714D718-F95A-48C4-832D-840A0F4FF8A3}.Release|x86.Build.0 = Release|x86
		{89335AA9-EC6C-4880-9FAE-48C8AE2293A3}.Debug|Any CPU.ActiveCfg = Debug|x86
		{89335AA9-EC6C-4880-9FAE-48C8AE2293A3}.Debug|x86.ActiveCfg = Debug|x86
		{89335AA9-EC6C-4880-9FAE-48C8AE2293A3}.Debug|x86.Build.0 = Debug|x86
		{89335AA9-EC6C-4880-9FAE-48C8AE2293A3}.Release|Any CPU.ActiveCfg = Release|x86
		{89335AA9-EC6C-4880-9FAE-48C8AE2293A3}.Release|x86.ActiveCfg = Release|x86
		{89335AA9-EC6C-4880-9FAE-48C8AE2293A3}.Release|x86.Build.0 = Release|x86
		{2BFC4EAC-9185-41A9-8EBB-775968206381}.Debug|Any CPU.ActiveCfg = Debug|Any CPU
		{2BFC4EAC-9185-41A9-8EBB-775968206381}.Debug|Any CPU.Build.0 = Debug|Any CPU
		{2BFC4EAC-9185-41A9-8EBB-775968206381}.Debug|x86.ActiveCfg = Debug|Any CPU
		{2BFC4EAC-9185-41A9-8EBB-775968206381}.Debug|x86.Build.0 = Debug|Any CPU
		{2BFC4EAC-9185-41A9-8EBB-775968206381}.Release|Any CPU.ActiveCfg = Release|Any CPU
		{2BFC4EAC-9185-41A9-8EBB-775968206381}.Release|Any CPU.Build.0 = Release|Any CPU
		{2BFC4EAC-9185-41A9-8EBB-775968206381}.Release|x86.ActiveCfg = Release|Any CPU
		{2BFC4EAC-9185-41A9-8EBB-775968206381}.Release|x86.Build.0 = Release|Any CPU
		{4902FFEF-4CFD-4355-A8E9-06E6D82BCEB7}.Debug|Any CPU.ActiveCfg = Debug|x86
		{4902FFEF-4CFD-4355-A8E9-06E6D82BCEB7}.Debug|x86.ActiveCfg = Debug|x86
		{4902FFEF-4CFD-4355-A8E9-06E6D82BCEB7}.Debug|x86.Build.0 = Debug|x86
		{4902FFEF-4CFD-4355-A8E9-06E6D82BCEB7}.Release|Any CPU.ActiveCfg = Release|x86
		{4902FFEF-4CFD-4355-A8E9-06E6D82BCEB7}.Release|x86.ActiveCfg = Release|x86
		{4902FFEF-4CFD-4355-A8E9-06E6D82BCEB7}.Release|x86.Build.0 = Release|x86
		{2737DF15-DF05-4967-8B60-E4225FEE7E41}.Debug|Any CPU.ActiveCfg = Debug|x86
		{2737DF15-DF05-4967-8B60-E4225FEE7E41}.Debug|x86.ActiveCfg = Debug|x86
		{2737DF15-DF05-4967-8B60-E4225FEE7E41}.Debug|x86.Build.0 = Debug|x86
		{2737DF15-DF05-4967-8B60-E4225FEE7E41}.Release|Any CPU.ActiveCfg = Release|x86
		{2737DF15-DF05-4967-8B60-E4225FEE7E41}.Release|x86.ActiveCfg = Release|x86
		{2737DF15-DF05-4967-8B60-E4225FEE7E41}.Release|x86.Build.0 = Release|x86
		{D846720A-AE92-45C2-AF8E-4F8688AC8B2F}.Debug|Any CPU.ActiveCfg = Debug|x86
		{D846720A-AE92-45C2-AF8E-4F8688AC8B2F}.Debug|x86.ActiveCfg = Debug|x86
		{D846720A-AE92-45C2-AF8E-4F8688AC8B2F}.Debug|x86.Build.0 = Debug|x86
		{D846720A-AE92-45C2-AF8E-4F8688AC8B2F}.Release|Any CPU.ActiveCfg = Release|x86
		{D846720A-AE92-45C2-AF8E-4F8688AC8B2F}.Release|x86.ActiveCfg = Release|x86
		{D846720A-AE92-45C2-AF8E-4F8688AC8B2F}.Release|x86.Build.0 = Release|x86
		{ACDD09FD-9AE2-415E-B03B-17B4027944E3}.Debug|Any CPU.ActiveCfg = Debug|x86
		{ACDD09FD-9AE2-415E-B03B-17B4027944E3}.Debug|x86.ActiveCfg = Debug|x86
		{ACDD09FD-9AE2-415E-B03B-17B4027944E3}.Debug|x86.Build.0 = Debug|x86
		{ACDD09FD-9AE2-415E-B03B-17B4027944E3}.Release|Any CPU.ActiveCfg = Release|x86
		{ACDD09FD-9AE2-415E-B03B-17B4027944E3}.Release|x86.ActiveCfg = Release|x86
		{ACDD09FD-9AE2-415E-B03B-17B4027944E3}.Release|x86.Build.0 = Release|x86
		{D6DB028D-25E3-4665-95FE-03EC88A6794B}.Debug|Any CPU.ActiveCfg = Debug|x86
		{D6DB028D-25E3-4665-95FE-03EC88A6794B}.Debug|x86.ActiveCfg = Debug|x86
		{D6DB028D-25E3-4665-95FE-03EC88A6794B}.Debug|x86.Build.0 = Debug|x86
		{D6DB028D-25E3-4665-95FE-03EC88A6794B}.Release|Any CPU.ActiveCfg = Release|x86
		{D6DB028D-25E3-4665-95FE-03EC88A6794B}.Release|x86.ActiveCfg = Release|x86
		{D6DB028D-25E3-4665-95FE-03EC88A6794B}.Release|x86.Build.0 = Release|x86
		{5DCBCF8D-32EC-4D49-A51B-6DEF8DA19EF9}.Debug|Any CPU.ActiveCfg = Debug|x86
		{5DCBCF8D-32EC-4D49-A51B-6DEF8DA19EF9}.Debug|x86.ActiveCfg = Debug|x86
		{5DCBCF8D-32EC-4D49-A51B-6DEF8DA19EF9}.Debug|x86.Build.0 = Debug|x86
		{5DCBCF8D-32EC-4D49-A51B-6DEF8DA19EF9}.Release|Any CPU.ActiveCfg = Release|x86
		{5DCBCF8D-32EC-4D49-A51B-6DEF8DA19EF9}.Release|x86.ActiveCfg = Release|x86
		{5DCBCF8D-32EC-4D49-A51B-6DEF8DA19EF9}.Release|x86.Build.0 = Release|x86
		{0ECBB9A0-4DE2-48AB-A9AC-590B2EF9B0A3}.Debug|Any CPU.ActiveCfg = Debug|Any CPU
		{0ECBB9A0-4DE2-48AB-A9AC-590B2EF9B0A3}.Debug|Any CPU.Build.0 = Debug|Any CPU
		{0ECBB9A0-4DE2-48AB-A9AC-590B2EF9B0A3}.Debug|x86.ActiveCfg = Debug|Any CPU
		{0ECBB9A0-4DE2-48AB-A9AC-590B2EF9B0A3}.Debug|x86.Build.0 = Debug|Any CPU
		{0ECBB9A0-4DE2-48AB-A9AC-590B2EF9B0A3}.Release|Any CPU.ActiveCfg = Release|Any CPU
		{0ECBB9A0-4DE2-48AB-A9AC-590B2EF9B0A3}.Release|Any CPU.Build.0 = Release|Any CPU
		{0ECBB9A0-4DE2-48AB-A9AC-590B2EF9B0A3}.Release|x86.ActiveCfg = Release|Any CPU
		{0ECBB9A0-4DE2-48AB-A9AC-590B2EF9B0A3}.Release|x86.Build.0 = Release|Any CPU
		{8D8A0B41-26A7-44D9-B15A-DB30F77309DB}.Debug|Any CPU.ActiveCfg = Debug|x86
		{8D8A0B41-26A7-44D9-B15A-DB30F77309DB}.Debug|x86.ActiveCfg = Debug|x86
		{8D8A0B41-26A7-44D9-B15A-DB30F77309DB}.Debug|x86.Build.0 = Debug|x86
		{8D8A0B41-26A7-44D9-B15A-DB30F77309DB}.Release|Any CPU.ActiveCfg = Release|x86
		{8D8A0B41-26A7-44D9-B15A-DB30F77309DB}.Release|x86.ActiveCfg = Release|x86
		{8D8A0B41-26A7-44D9-B15A-DB30F77309DB}.Release|x86.Build.0 = Release|x86
		{7AEFFD5B-A9F1-4B8E-B6EC-1090BAAED632}.Debug|Any CPU.ActiveCfg = Debug|Any CPU
		{7AEFFD5B-A9F1-4B8E-B6EC-1090BAAED632}.Debug|Any CPU.Build.0 = Debug|Any CPU
		{7AEFFD5B-A9F1-4B8E-B6EC-1090BAAED632}.Debug|x86.ActiveCfg = Debug|Any CPU
		{7AEFFD5B-A9F1-4B8E-B6EC-1090BAAED632}.Debug|x86.Build.0 = Debug|Any CPU
		{7AEFFD5B-A9F1-4B8E-B6EC-1090BAAED632}.Release|Any CPU.ActiveCfg = Release|Any CPU
		{7AEFFD5B-A9F1-4B8E-B6EC-1090BAAED632}.Release|Any CPU.Build.0 = Release|Any CPU
		{7AEFFD5B-A9F1-4B8E-B6EC-1090BAAED632}.Release|x86.ActiveCfg = Release|Any CPU
		{7AEFFD5B-A9F1-4B8E-B6EC-1090BAAED632}.Release|x86.Build.0 = Release|Any CPU
		{503A9E53-6149-4A31-80A7-8D9DB387EB93}.Debug|Any CPU.ActiveCfg = Debug|Any CPU
		{503A9E53-6149-4A31-80A7-8D9DB387EB93}.Debug|Any CPU.Build.0 = Debug|Any CPU
		{503A9E53-6149-4A31-80A7-8D9DB387EB93}.Debug|x86.ActiveCfg = Debug|Any CPU
		{503A9E53-6149-4A31-80A7-8D9DB387EB93}.Debug|x86.Build.0 = Debug|Any CPU
		{503A9E53-6149-4A31-80A7-8D9DB387EB93}.Release|Any CPU.ActiveCfg = Release|Any CPU
		{503A9E53-6149-4A31-80A7-8D9DB387EB93}.Release|Any CPU.Build.0 = Release|Any CPU
		{503A9E53-6149-4A31-80A7-8D9DB387EB93}.Release|x86.ActiveCfg = Release|Any CPU
		{503A9E53-6149-4A31-80A7-8D9DB387EB93}.Release|x86.Build.0 = Release|Any CPU
		{DC17D0CB-11C6-4188-BDD2-FCCB69472EE2}.Debug|Any CPU.ActiveCfg = Debug|Any CPU
		{DC17D0CB-11C6-4188-BDD2-FCCB69472EE2}.Debug|Any CPU.Build.0 = Debug|Any CPU
		{DC17D0CB-11C6-4188-BDD2-FCCB69472EE2}.Debug|x86.ActiveCfg = Debug|Any CPU
		{DC17D0CB-11C6-4188-BDD2-FCCB69472EE2}.Debug|x86.Build.0 = Debug|Any CPU
		{DC17D0CB-11C6-4188-BDD2-FCCB69472EE2}.Release|Any CPU.ActiveCfg = Release|Any CPU
		{DC17D0CB-11C6-4188-BDD2-FCCB69472EE2}.Release|Any CPU.Build.0 = Release|Any CPU
		{DC17D0CB-11C6-4188-BDD2-FCCB69472EE2}.Release|x86.ActiveCfg = Release|Any CPU
		{DC17D0CB-11C6-4188-BDD2-FCCB69472EE2}.Release|x86.Build.0 = Release|Any CPU
	EndGlobalSection
	GlobalSection(SolutionProperties) = preSolution
		HideSolutionNode = FALSE
	EndGlobalSection
	GlobalSection(NestedProjects) = preSolution
		{228F78B6-F652-4798-A571-B53DC13B3F17} = {FB0E1EE3-CB96-489D-B2BF-0BB04D99AFA6}
		{C01D135F-098E-4B64-8FE2-3FA5B175713F} = {FB0E1EE3-CB96-489D-B2BF-0BB04D99AFA6}
		{346B40C9-DD16-45DE-9148-78325BAE479E} = {FB0E1EE3-CB96-489D-B2BF-0BB04D99AFA6}
		{99C40CEC-2BEC-4282-8039-3FBC9087124E} = {FB0E1EE3-CB96-489D-B2BF-0BB04D99AFA6}
		{18D2527C-152C-4A28-9B54-40CAFF2FBCBC} = {FB0E1EE3-CB96-489D-B2BF-0BB04D99AFA6}
		{1BF23465-6D04-4F3F-8FDE-F03295EB0DE7} = {E590E990-60F7-4BBD-9C24-D2D6DA406278}
		{6714D718-F95A-48C4-832D-840A0F4FF8A3} = {E590E990-60F7-4BBD-9C24-D2D6DA406278}
		{89335AA9-EC6C-4880-9FAE-48C8AE2293A3} = {FB0E1EE3-CB96-489D-B2BF-0BB04D99AFA6}
		{2BFC4EAC-9185-41A9-8EBB-775968206381} = {E590E990-60F7-4BBD-9C24-D2D6DA406278}
		{4902FFEF-4CFD-4355-A8E9-06E6D82BCEB7} = {E590E990-60F7-4BBD-9C24-D2D6DA406278}
		{2737DF15-DF05-4967-8B60-E4225FEE7E41} = {E590E990-60F7-4BBD-9C24-D2D6DA406278}
		{D846720A-AE92-45C2-AF8E-4F8688AC8B2F} = {E590E990-60F7-4BBD-9C24-D2D6DA406278}
		{ACDD09FD-9AE2-415E-B03B-17B4027944E3} = {E590E990-60F7-4BBD-9C24-D2D6DA406278}
		{D6DB028D-25E3-4665-95FE-03EC88A6794B} = {E590E990-60F7-4BBD-9C24-D2D6DA406278}
		{5DCBCF8D-32EC-4D49-A51B-6DEF8DA19EF9} = {E590E990-60F7-4BBD-9C24-D2D6DA406278}
		{0ECBB9A0-4DE2-48AB-A9AC-590B2EF9B0A3} = {E590E990-60F7-4BBD-9C24-D2D6DA406278}
		{8D8A0B41-26A7-44D9-B15A-DB30F77309DB} = {E590E990-60F7-4BBD-9C24-D2D6DA406278}
		{7AEFFD5B-A9F1-4B8E-B6EC-1090BAAED632} = {E590E990-60F7-4BBD-9C24-D2D6DA406278}
		{503A9E53-6149-4A31-80A7-8D9DB387EB93} = {36427D67-D286-4ADC-8C0E-BAE1E2BC923D}
		{DC17D0CB-11C6-4188-BDD2-FCCB69472EE2} = {36427D67-D286-4ADC-8C0E-BAE1E2BC923D}
	EndGlobalSection
EndGlobal
