
Microsoft Visual Studio Solution File, Format Version 11.00
# Visual Studio 2010
Project("{FAE04EC0-301F-11D3-BF4B-00C04F79EFBC}") = "设计模式之建造者模式", "设计模式之建造者模式\设计模式之建造者模式.csproj", "{C01D135F-098E-4B64-8FE2-3FA5B175713F}"
EndProject
Project("{FAE04EC0-301F-11D3-BF4B-00C04F79EFBC}") = "建造者模式演变", "建造者模式演变\建造者模式演变.csproj", "{346B40C9-DD16-45DE-9148-78325BAE479E}"
EndProject
Global
	GlobalSection(SolutionConfigurationPlatforms) = preSolution
		Debug|x86 = Debug|x86
		Release|x86 = Release|x86
	EndGlobalSection
	GlobalSection(ProjectConfigurationPlatforms) = postSolution
		{C01D135F-098E-4B64-8FE2-3FA5B175713F}.Debug|x86.ActiveCfg = Debug|x86
		{C01D135F-098E-4B64-8FE2-3FA5B175713F}.Debug|x86.Build.0 = Debug|x86
		{C01D135F-098E-4B64-8FE2-3FA5B175713F}.Release|x86.ActiveCfg = Release|x86
		{C01D135F-098E-4B64-8FE2-3FA5B175713F}.Release|x86.Build.0 = Release|x86
		{346B40C9-DD16-45DE-9148-78325BAE479E}.Debug|x86.ActiveCfg = Debug|x86
		{346B40C9-DD16-45DE-9148-78325BAE479E}.Debug|x86.Build.0 = Debug|x86
		{346B40C9-DD16-45DE-9148-78325BAE479E}.Release|x86.ActiveCfg = Release|x86
		{346B40C9-DD16-45DE-9148-78325BAE479E}.Release|x86.Build.0 = Release|x86
	EndGlobalSection
	GlobalSection(SolutionProperties) = preSolution
		HideSolutionNode = FALSE
	EndGlobalSection
EndGlobal
